
Microsoft Visual Studio Solution File, Format Version 12.00
Project("{FAE04EC0-301F-11D3-BF4B-00C04F79EFBC}") = "TestApi", "TestApi\TestApi.csproj", "{B7D6E60A-F1AB-4566-A95A-6BFCF33B42FC}"
EndProject
Global
	GlobalSection(SolutionConfigurationPlatforms) = preSolution
		Debug|Any CPU = Debug|Any CPU
		Release|Any CPU = Release|Any CPU
	EndGlobalSection
	GlobalSection(ProjectConfigurationPlatforms) = postSolution
		{B7D6E60A-F1AB-4566-A95A-6BFCF33B42FC}.Debug|Any CPU.ActiveCfg = Debug|Any CPU
		{B7D6E60A-F1AB-4566-A95A-6BFCF33B42FC}.Debug|Any CPU.Build.0 = Debug|Any CPU
		{B7D6E60A-F1AB-4566-A95A-6BFCF33B42FC}.Release|Any CPU.ActiveCfg = Release|Any CPU
		{B7D6E60A-F1AB-4566-A95A-6BFCF33B42FC}.Release|Any CPU.Build.0 = Release|Any CPU
	EndGlobalSection
EndGlobal
